// !$*UTF8*$!
{
	archiveVersion = 1;
	classes = {
	};
	objectVersion = 45;
	objects = {

/* Begin PBXBuildFile section */
		1D60589F0D05DD5A006BFB54 /* Foundation.framework in Frameworks */ = {isa = PBXBuildFile; fileRef = 1D30AB110D05D00D00671497 /* Foundation.framework */; };
		1DF5F4E00D08C38300B7A737 /* UIKit.framework in Frameworks */ = {isa = PBXBuildFile; fileRef = 1DF5F4DF0D08C38300B7A737 /* UIKit.framework */; };
		288765FD0DF74451002DB57D /* CoreGraphics.framework in Frameworks */ = {isa = PBXBuildFile; fileRef = 288765FC0DF74451002DB57D /* CoreGraphics.framework */; };
		A039BE6312F14074003A8610 /* AppDelegate.m in Sources */ = {isa = PBXBuildFile; fileRef = A039BE6012F14074003A8610 /* AppDelegate.m */; };
		A039BE6412F14074003A8610 /* main.m in Sources */ = {isa = PBXBuildFile; fileRef = A039BE6212F14074003A8610 /* main.m */; };
		A039BE6812F1408B003A8610 /* MainWindow.xib in Resources */ = {isa = PBXBuildFile; fileRef = A039BE6712F1408B003A8610 /* MainWindow.xib */; };
		A039BE8A12F141F3003A8610 /* BaseViewController.m in Sources */ = {isa = PBXBuildFile; fileRef = A039BE8512F141F3003A8610 /* BaseViewController.m */; };
		A039BE8B12F141F3003A8610 /* RootViewController.m in Sources */ = {isa = PBXBuildFile; fileRef = A039BE8712F141F3003A8610 /* RootViewController.m */; };
		A039BE8C12F141F3003A8610 /* TableBaseViewController.m in Sources */ = {isa = PBXBuildFile; fileRef = A039BE8912F141F3003A8610 /* TableBaseViewController.m */; };
		A039BE8E12F1420D003A8610 /* RootView.xib in Resources */ = {isa = PBXBuildFile; fileRef = A039BE8D12F1420D003A8610 /* RootView.xib */; };
		A039BE9A12F147CB003A8610 /* libev.a in Frameworks */ = {isa = PBXBuildFile; fileRef = A039BE9912F147CB003A8610 /* libev.a */; };
		A0A6631112F1547300D4127D /* stream_client.c in Sources */ = {isa = PBXBuildFile; fileRef = A0A6630F12F1547300D4127D /* stream_client.c */; };
/* End PBXBuildFile section */

/* Begin PBXFileReference section */
		1D30AB110D05D00D00671497 /* Foundation.framework */ = {isa = PBXFileReference; lastKnownFileType = wrapper.framework; name = Foundation.framework; path = System/Library/Frameworks/Foundation.framework; sourceTree = SDKROOT; };
		1D6058910D05DD3D006BFB54 /* iptest.app */ = {isa = PBXFileReference; explicitFileType = wrapper.application; includeInIndex = 0; path = iptest.app; sourceTree = BUILT_PRODUCTS_DIR; };
		1DF5F4DF0D08C38300B7A737 /* UIKit.framework */ = {isa = PBXFileReference; lastKnownFileType = wrapper.framework; name = UIKit.framework; path = System/Library/Frameworks/UIKit.framework; sourceTree = SDKROOT; };
		288765FC0DF74451002DB57D /* CoreGraphics.framework */ = {isa = PBXFileReference; lastKnownFileType = wrapper.framework; name = CoreGraphics.framework; path = System/Library/Frameworks/CoreGraphics.framework; sourceTree = SDKROOT; };
		A039BE5F12F14074003A8610 /* AppDelegate.h */ = {isa = PBXFileReference; fileEncoding = 4; lastKnownFileType = sourcecode.c.h; name = AppDelegate.h; path = src/AppDelegate.h; sourceTree = "<group>"; };
		A039BE6012F14074003A8610 /* AppDelegate.m */ = {isa = PBXFileReference; fileEncoding = 4; lastKnownFileType = sourcecode.c.objc; name = AppDelegate.m; path = src/AppDelegate.m; sourceTree = "<group>"; };
		A039BE6112F14074003A8610 /* common.h */ = {isa = PBXFileReference; fileEncoding = 4; lastKnownFileType = sourcecode.c.h; name = common.h; path = src/common.h; sourceTree = "<group>"; };
		A039BE6212F14074003A8610 /* main.m */ = {isa = PBXFileReference; fileEncoding = 4; lastKnownFileType = sourcecode.c.objc; name = main.m; path = src/main.m; sourceTree = "<group>"; };
		A039BE6512F1407D003A8610 /* Info.plist */ = {isa = PBXFileReference; fileEncoding = 4; lastKnownFileType = text.plist.xml; path = Info.plist; sourceTree = "<group>"; };
		A039BE6712F1408B003A8610 /* MainWindow.xib */ = {isa = PBXFileReference; lastKnownFileType = file.xib; name = MainWindow.xib; path = resources/MainWindow.xib; sourceTree = "<group>"; };
		A039BE8412F141F3003A8610 /* BaseViewController.h */ = {isa = PBXFileReference; fileEncoding = 4; lastKnownFileType = sourcecode.c.h; name = BaseViewController.h; path = src/BaseViewController.h; sourceTree = "<group>"; };
		A039BE8512F141F3003A8610 /* BaseViewController.m */ = {isa = PBXFileReference; fileEncoding = 4; lastKnownFileType = sourcecode.c.objc; name = BaseViewController.m; path = src/BaseViewController.m; sourceTree = "<group>"; };
		A039BE8612F141F3003A8610 /* RootViewController.h */ = {isa = PBXFileReference; fileEncoding = 4; lastKnownFileType = sourcecode.c.h; name = RootViewController.h; path = src/RootViewController.h; sourceTree = "<group>"; };
		A039BE8712F141F3003A8610 /* RootViewController.m */ = {isa = PBXFileReference; fileEncoding = 4; lastKnownFileType = sourcecode.c.objc; name = RootViewController.m; path = src/RootViewController.m; sourceTree = "<group>"; };
		A039BE8812F141F3003A8610 /* TableBaseViewController.h */ = {isa = PBXFileReference; fileEncoding = 4; lastKnownFileType = sourcecode.c.h; name = TableBaseViewController.h; path = src/TableBaseViewController.h; sourceTree = "<group>"; };
		A039BE8912F141F3003A8610 /* TableBaseViewController.m */ = {isa = PBXFileReference; fileEncoding = 4; lastKnownFileType = sourcecode.c.objc; name = TableBaseViewController.m; path = src/TableBaseViewController.m; sourceTree = "<group>"; };
		A039BE8D12F1420D003A8610 /* RootView.xib */ = {isa = PBXFileReference; lastKnownFileType = file.xib; name = RootView.xib; path = resources/RootView.xib; sourceTree = "<group>"; };
		A039BE9912F147CB003A8610 /* libev.a */ = {isa = PBXFileReference; lastKnownFileType = archive.ar; path = libev.a; sourceTree = "<absolute>"; };
		A0A6630F12F1547300D4127D /* stream_client.c */ = {isa = PBXFileReference; fileEncoding = 4; lastKnownFileType = sourcecode.c.c; name = stream_client.c; path = src/stream_client.c; sourceTree = "<group>"; };
		A0A6631012F1547300D4127D /* stream_client.h */ = {isa = PBXFileReference; fileEncoding = 4; lastKnownFileType = sourcecode.c.h; name = stream_client.h; path = src/stream_client.h; sourceTree = "<group>"; };
/* End PBXFileReference section */

/* Begin PBXFrameworksBuildPhase section */
		1D60588F0D05DD3D006BFB54 /* Frameworks */ = {
			isa = PBXFrameworksBuildPhase;
			buildActionMask = 2147483647;
			files = (
				1D60589F0D05DD5A006BFB54 /* Foundation.framework in Frameworks */,
				1DF5F4E00D08C38300B7A737 /* UIKit.framework in Frameworks */,
				288765FD0DF74451002DB57D /* CoreGraphics.framework in Frameworks */,
				A039BE9A12F147CB003A8610 /* libev.a in Frameworks */,
			);
			runOnlyForDeploymentPostprocessing = 0;
		};
/* End PBXFrameworksBuildPhase section */

/* Begin PBXGroup section */
		19C28FACFE9D520D11CA2CBB /* Products */ = {
			isa = PBXGroup;
			children = (
				1D6058910D05DD3D006BFB54 /* iptest.app */,
			);
			name = Products;
			sourceTree = "<group>";
		};
		29B97314FDCFA39411CA2CEA /* CustomTemplate */ = {
			isa = PBXGroup;
			children = (
				A039BE5D12F14059003A8610 /* src */,
				A039BE5E12F14062003A8610 /* resources */,
				29B97323FDCFA39411CA2CEA /* Frameworks */,
				19C28FACFE9D520D11CA2CBB /* Products */,
			);
			name = CustomTemplate;
			sourceTree = "<group>";
		};
		29B97323FDCFA39411CA2CEA /* Frameworks */ = {
			isa = PBXGroup;
			children = (
				1DF5F4DF0D08C38300B7A737 /* UIKit.framework */,
				1D30AB110D05D00D00671497 /* Foundation.framework */,
				288765FC0DF74451002DB57D /* CoreGraphics.framework */,
				A039BE9912F147CB003A8610 /* libev.a */,
			);
			name = Frameworks;
			sourceTree = "<group>";
		};
		A039BE5D12F14059003A8610 /* src */ = {
			isa = PBXGroup;
			children = (
				A0A6630F12F1547300D4127D /* stream_client.c */,
				A0A6631012F1547300D4127D /* stream_client.h */,
				A039BE8412F141F3003A8610 /* BaseViewController.h */,
				A039BE8512F141F3003A8610 /* BaseViewController.m */,
				A039BE8612F141F3003A8610 /* RootViewController.h */,
				A039BE8712F141F3003A8610 /* RootViewController.m */,
				A039BE8812F141F3003A8610 /* TableBaseViewController.h */,
				A039BE8912F141F3003A8610 /* TableBaseViewController.m */,
				A039BE5F12F14074003A8610 /* AppDelegate.h */,
				A039BE6012F14074003A8610 /* AppDelegate.m */,
				A039BE6112F14074003A8610 /* common.h */,
				A039BE6212F14074003A8610 /* main.m */,
			);
			name = src;
			sourceTree = "<group>";
		};
		A039BE5E12F14062003A8610 /* resources */ = {
			isa = PBXGroup;
			children = (
				A039BE6512F1407D003A8610 /* Info.plist */,
				A039BE6712F1408B003A8610 /* MainWindow.xib */,
				A039BE8D12F1420D003A8610 /* RootView.xib */,
			);
			name = resources;
			sourceTree = "<group>";
		};
/* End PBXGroup section */

/* Begin PBXNativeTarget section */
		1D6058900D05DD3D006BFB54 /* iptest */ = {
			isa = PBXNativeTarget;
			buildConfigurationList = 1D6058960D05DD3E006BFB54 /* Build configuration list for PBXNativeTarget "iptest" */;
			buildPhases = (
				1D60588D0D05DD3D006BFB54 /* Resources */,
				1D60588E0D05DD3D006BFB54 /* Sources */,
				1D60588F0D05DD3D006BFB54 /* Frameworks */,
			);
			buildRules = (
			);
			dependencies = (
			);
			name = iptest;
			productName = iptest;
			productReference = 1D6058910D05DD3D006BFB54 /* iptest.app */;
			productType = "com.apple.product-type.application";
		};
/* End PBXNativeTarget section */

/* Begin PBXProject section */
		29B97313FDCFA39411CA2CEA /* Project object */ = {
			isa = PBXProject;
			buildConfigurationList = C01FCF4E08A954540054247B /* Build configuration list for PBXProject "iptest" */;
			compatibilityVersion = "Xcode 3.1";
			developmentRegion = English;
			hasScannedForEncodings = 1;
			knownRegions = (
				English,
				Japanese,
				French,
				German,
			);
			mainGroup = 29B97314FDCFA39411CA2CEA /* CustomTemplate */;
			projectDirPath = "";
			projectRoot = "";
			targets = (
				1D6058900D05DD3D006BFB54 /* iptest */,
			);
		};
/* End PBXProject section */

/* Begin PBXResourcesBuildPhase section */
		1D60588D0D05DD3D006BFB54 /* Resources */ = {
			isa = PBXResourcesBuildPhase;
			buildActionMask = 2147483647;
			files = (
				A039BE6812F1408B003A8610 /* MainWindow.xib in Resources */,
				A039BE8E12F1420D003A8610 /* RootView.xib in Resources */,
			);
			runOnlyForDeploymentPostprocessing = 0;
		};
/* End PBXResourcesBuildPhase section */

/* Begin PBXSourcesBuildPhase section */
		1D60588E0D05DD3D006BFB54 /* Sources */ = {
			isa = PBXSourcesBuildPhase;
			buildActionMask = 2147483647;
			files = (
				A039BE6312F14074003A8610 /* AppDelegate.m in Sources */,
				A039BE6412F14074003A8610 /* main.m in Sources */,
				A039BE8A12F141F3003A8610 /* BaseViewController.m in Sources */,
				A039BE8B12F141F3003A8610 /* RootViewController.m in Sources */,
				A039BE8C12F141F3003A8610 /* TableBaseViewController.m in Sources */,
				A0A6631112F1547300D4127D /* stream_client.c in Sources */,
			);
			runOnlyForDeploymentPostprocessing = 0;
		};
/* End PBXSourcesBuildPhase section */

/* Begin XCBuildConfiguration section */
		1D6058940D05DD3E006BFB54 /* Debug */ = {
			isa = XCBuildConfiguration;
			buildSettings = {
				ALWAYS_SEARCH_USER_PATHS = NO;
				COPY_PHASE_STRIP = NO;
				GCC_DYNAMIC_NO_PIC = NO;
				GCC_OPTIMIZATION_LEVEL = 0;
				GCC_PRECOMPILE_PREFIX_HEADER = NO;
				GCC_PREFIX_HEADER = "";
				GCC_PREPROCESSOR_DEFINITIONS = DEBUG;
				HEADER_SEARCH_PATHS = "$(HOME)/dev/iphone/lib/libev/include";
				INFOPLIST_FILE = Info.plist;
				IPHONEOS_DEPLOYMENT_TARGET = 4.0;
				LIBRARY_SEARCH_PATHS = "$(HOME)/dev/iphone/lib/libev/lib";
				PRODUCT_NAME = iptest;
			};
			name = Debug;
		};
		1D6058950D05DD3E006BFB54 /* Release */ = {
			isa = XCBuildConfiguration;
			buildSettings = {
				ALWAYS_SEARCH_USER_PATHS = NO;
				COPY_PHASE_STRIP = YES;
				GCC_PRECOMPILE_PREFIX_HEADER = NO;
				GCC_PREFIX_HEADER = "";
				HEADER_SEARCH_PATHS = "$(HOME)/dev/iphone/lib/libev/include";
				INFOPLIST_FILE = Info.plist;
				IPHONEOS_DEPLOYMENT_TARGET = 4.0;
				LIBRARY_SEARCH_PATHS = "$(HOME)/dev/iphone/lib/libev/lib";
				PRODUCT_NAME = iptest;
				VALIDATE_PRODUCT = YES;
			};
			name = Release;
		};
		C01FCF4F08A954540054247B /* Debug */ = {
			isa = XCBuildConfiguration;
			buildSettings = {
				ARCHS = "$(ARCHS_STANDARD_32_BIT)";
				"CODE_SIGN_IDENTITY[sdk=iphoneos*]" = "iPhone Developer";
				GCC_C_LANGUAGE_STANDARD = c99;
				GCC_WARN_ABOUT_RETURN_TYPE = YES;
				GCC_WARN_UNUSED_VARIABLE = YES;
				PREBINDING = NO;
				SDKROOT = iphoneos;
			};
			name = Debug;
		};
		C01FCF5008A954540054247B /* Release */ = {
			isa = XCBuildConfiguration;
			buildSettings = {
				ARCHS = "$(ARCHS_STANDARD_32_BIT)";
				"CODE_SIGN_IDENTITY[sdk=iphoneos*]" = "iPhone Developer";
				GCC_C_LANGUAGE_STANDARD = c99;
				GCC_WARN_ABOUT_RETURN_TYPE = YES;
				GCC_WARN_UNUSED_VARIABLE = YES;
				OTHER_CFLAGS = "-DNS_BLOCK_ASSERTIONS=1";
				PREBINDING = NO;
				SDKROOT = iphoneos;
			};
			name = Release;
		};
/* End XCBuildConfiguration section */

/* Begin XCConfigurationList section */
		1D6058960D05DD3E006BFB54 /* Build configuration list for PBXNativeTarget "iptest" */ = {
			isa = XCConfigurationList;
			buildConfigurations = (
				1D6058940D05DD3E006BFB54 /* Debug */,
				1D6058950D05DD3E006BFB54 /* Release */,
			);
			defaultConfigurationIsVisible = 0;
			defaultConfigurationName = Release;
		};
		C01FCF4E08A954540054247B /* Build configuration list for PBXProject "iptest" */ = {
			isa = XCConfigurationList;
			buildConfigurations = (
				C01FCF4F08A954540054247B /* Debug */,
				C01FCF5008A954540054247B /* Release */,
			);
			defaultConfigurationIsVisible = 0;
			defaultConfigurationName = Release;
		};
/* End XCConfigurationList section */
	};
	rootObject = 29B97313FDCFA39411CA2CEA /* Project object */;
}
